<?xml version="1.0" encoding="UTF-8"?>
<Project ToolsVersion="14.0" xmlns="http://schemas.microsoft.com/developer/msbuild/2003">
  <ItemGroup>
    <CustomBuild Include="C:\Users\Orleg\Desktop\openGlSelfLearning\assimp_afterBuild\CMakeFiles\917e0d9ed5cba8f5ebafbe362f88ec85\INSTALL_force.rule">
      <Filter>CMake Rules</Filter>
    </CustomBuild>
  </ItemGroup>
  <ItemGroup>
    <Filter Include="CMake Rules">
      <UniqueIdentifier>{D1857B2A-37BF-344E-A342-61228A5AD58F}</UniqueIdentifier>
    </Filter>
  </ItemGroup>
</Project>
