Microsoft Visual Studio Solution File, Format Version 12.00
# Visual Studio 14
Project("{8BC9CEB8-8B4A-11D0-8D11-00A0C91BC942}") = "ALL_BUILD", "ALL_BUILD.vcxproj", "{44A3E934-6FE3-3B89-A7A2-8CB5228AC5D5}"
	ProjectSection(ProjectDependencies) = postProject
		{3CC9B522-9145-3672-99FA-6100BEA15C5D} = {3CC9B522-9145-3672-99FA-6100BEA15C5D}
		{8DFE1F1C-2DB2-320D-AC91-4D4DB04F97D6} = {8DFE1F1C-2DB2-320D-AC91-4D4DB04F97D6}
		{A7783F73-5CB7-359C-9ADD-7D37F57BD07A} = {A7783F73-5CB7-359C-9ADD-7D37F57BD07A}
		{2F7ED4A3-AB5F-339A-AD00-77373A02D1FB} = {2F7ED4A3-AB5F-339A-AD00-77373A02D1FB}
		{92622E0A-9A41-35B9-B1EE-06D280FE879A} = {92622E0A-9A41-35B9-B1EE-06D280FE879A}
	EndProjectSection
EndProject
Project("{8BC9CEB8-8B4A-11D0-8D11-00A0C91BC942}") = "INSTALL", "INSTALL.vcxproj", "{925A6F0D-8050-3718-9585-575F242DD174}"
	ProjectSection(ProjectDependencies) = postProject
		{44A3E934-6FE3-3B89-A7A2-8CB5228AC5D5} = {44A3E934-6FE3-3B89-A7A2-8CB5228AC5D5}
	EndProjectSection
EndProject
Project("{8BC9CEB8-8B4A-11D0-8D11-00A0C91BC942}") = "ZERO_CHECK", "ZERO_CHECK.vcxproj", "{EE05E881-BAD0-3CF6-B28C-805694251F6E}"
	ProjectSection(ProjectDependencies) = postProject
	EndProjectSection
EndProject
Project("{8BC9CEB8-8B4A-11D0-8D11-00A0C91BC942}") = "assimp", "code\assimp.vcxproj", "{3CC9B522-9145-3672-99FA-6100BEA15C5D}"
	ProjectSection(ProjectDependencies) = postProject
		{EE05E881-BAD0-3CF6-B28C-805694251F6E} = {EE05E881-BAD0-3CF6-B28C-805694251F6E}
		{92622E0A-9A41-35B9-B1EE-06D280FE879A} = {92622E0A-9A41-35B9-B1EE-06D280FE879A}
	EndProjectSection
EndProject
Project("{8BC9CEB8-8B4A-11D0-8D11-00A0C91BC942}") = "assimp_cmd", "tools\assimp_cmd\assimp_cmd.vcxproj", "{8DFE1F1C-2DB2-320D-AC91-4D4DB04F97D6}"
	ProjectSection(ProjectDependencies) = postProject
		{EE05E881-BAD0-3CF6-B28C-805694251F6E} = {EE05E881-BAD0-3CF6-B28C-805694251F6E}
		{3CC9B522-9145-3672-99FA-6100BEA15C5D} = {3CC9B522-9145-3672-99FA-6100BEA15C5D}
		{92622E0A-9A41-35B9-B1EE-06D280FE879A} = {92622E0A-9A41-35B9-B1EE-06D280FE879A}
	EndProjectSection
EndProject
Project("{8BC9CEB8-8B4A-11D0-8D11-00A0C91BC942}") = "assimp_viewer", "tools\assimp_view\assimp_viewer.vcxproj", "{A7783F73-5CB7-359C-9ADD-7D37F57BD07A}"
	ProjectSection(ProjectDependencies) = postProject
		{EE05E881-BAD0-3CF6-B28C-805694251F6E} = {EE05E881-BAD0-3CF6-B28C-805694251F6E}
		{3CC9B522-9145-3672-99FA-6100BEA15C5D} = {3CC9B522-9145-3672-99FA-6100BEA15C5D}
		{92622E0A-9A41-35B9-B1EE-06D280FE879A} = {92622E0A-9A41-35B9-B1EE-06D280FE879A}
	EndProjectSection
EndProject
Project("{8BC9CEB8-8B4A-11D0-8D11-00A0C91BC942}") = "uninstall", "uninstall.vcxproj", "{4F0F1F5C-9766-32A3-9096-8DE92651EC39}"
	ProjectSection(ProjectDependencies) = postProject
		{EE05E881-BAD0-3CF6-B28C-805694251F6E} = {EE05E881-BAD0-3CF6-B28C-805694251F6E}
	EndProjectSection
EndProject
Project("{8BC9CEB8-8B4A-11D0-8D11-00A0C91BC942}") = "unit", "test\unit.vcxproj", "{2F7ED4A3-AB5F-339A-AD00-77373A02D1FB}"
	ProjectSection(ProjectDependencies) = postProject
		{EE05E881-BAD0-3CF6-B28C-805694251F6E} = {EE05E881-BAD0-3CF6-B28C-805694251F6E}
		{3CC9B522-9145-3672-99FA-6100BEA15C5D} = {3CC9B522-9145-3672-99FA-6100BEA15C5D}
		{92622E0A-9A41-35B9-B1EE-06D280FE879A} = {92622E0A-9A41-35B9-B1EE-06D280FE879A}
	EndProjectSection
EndProject
Project("{8BC9CEB8-8B4A-11D0-8D11-00A0C91BC942}") = "zlibstatic", "contrib\zlib\zlibstatic.vcxproj", "{92622E0A-9A41-35B9-B1EE-06D280FE879A}"
	ProjectSection(ProjectDependencies) = postProject
		{EE05E881-BAD0-3CF6-B28C-805694251F6E} = {EE05E881-BAD0-3CF6-B28C-805694251F6E}
	EndProjectSection
EndProject
Global
	GlobalSection(SolutionConfigurationPlatforms) = preSolution
		Debug|Win32 = Debug|Win32
		Release|Win32 = Release|Win32
		MinSizeRel|Win32 = MinSizeRel|Win32
		RelWithDebInfo|Win32 = RelWithDebInfo|Win32
	EndGlobalSection
	GlobalSection(ProjectConfigurationPlatforms) = postSolution
		{44A3E934-6FE3-3B89-A7A2-8CB5228AC5D5}.Debug|Win32.ActiveCfg = Debug|Win32
		{44A3E934-6FE3-3B89-A7A2-8CB5228AC5D5}.Debug|Win32.Build.0 = Debug|Win32
		{44A3E934-6FE3-3B89-A7A2-8CB5228AC5D5}.Release|Win32.ActiveCfg = Release|Win32
		{44A3E934-6FE3-3B89-A7A2-8CB5228AC5D5}.Release|Win32.Build.0 = Release|Win32
		{44A3E934-6FE3-3B89-A7A2-8CB5228AC5D5}.MinSizeRel|Win32.ActiveCfg = MinSizeRel|Win32
		{44A3E934-6FE3-3B89-A7A2-8CB5228AC5D5}.MinSizeRel|Win32.Build.0 = MinSizeRel|Win32
		{44A3E934-6FE3-3B89-A7A2-8CB5228AC5D5}.RelWithDebInfo|Win32.ActiveCfg = RelWithDebInfo|Win32
		{44A3E934-6FE3-3B89-A7A2-8CB5228AC5D5}.RelWithDebInfo|Win32.Build.0 = RelWithDebInfo|Win32
		{925A6F0D-8050-3718-9585-575F242DD174}.Debug|Win32.ActiveCfg = Debug|Win32
		{925A6F0D-8050-3718-9585-575F242DD174}.Release|Win32.ActiveCfg = Release|Win32
		{925A6F0D-8050-3718-9585-575F242DD174}.MinSizeRel|Win32.ActiveCfg = MinSizeRel|Win32
		{925A6F0D-8050-3718-9585-575F242DD174}.RelWithDebInfo|Win32.ActiveCfg = RelWithDebInfo|Win32
		{EE05E881-BAD0-3CF6-B28C-805694251F6E}.Debug|Win32.ActiveCfg = Debug|Win32
		{EE05E881-BAD0-3CF6-B28C-805694251F6E}.Debug|Win32.Build.0 = Debug|Win32
		{EE05E881-BAD0-3CF6-B28C-805694251F6E}.Release|Win32.ActiveCfg = Release|Win32
		{EE05E881-BAD0-3CF6-B28C-805694251F6E}.Release|Win32.Build.0 = Release|Win32
		{EE05E881-BAD0-3CF6-B28C-805694251F6E}.MinSizeRel|Win32.ActiveCfg = MinSizeRel|Win32
		{EE05E881-BAD0-3CF6-B28C-805694251F6E}.MinSizeRel|Win32.Build.0 = MinSizeRel|Win32
		{EE05E881-BAD0-3CF6-B28C-805694251F6E}.RelWithDebInfo|Win32.ActiveCfg = RelWithDebInfo|Win32
		{EE05E881-BAD0-3CF6-B28C-805694251F6E}.RelWithDebInfo|Win32.Build.0 = RelWithDebInfo|Win32
		{3CC9B522-9145-3672-99FA-6100BEA15C5D}.Debug|Win32.ActiveCfg = Debug|Win32
		{3CC9B522-9145-3672-99FA-6100BEA15C5D}.Debug|Win32.Build.0 = Debug|Win32
		{3CC9B522-9145-3672-99FA-6100BEA15C5D}.Release|Win32.ActiveCfg = Release|Win32
		{3CC9B522-9145-3672-99FA-6100BEA15C5D}.Release|Win32.Build.0 = Release|Win32
		{3CC9B522-9145-3672-99FA-6100BEA15C5D}.MinSizeRel|Win32.ActiveCfg = MinSizeRel|Win32
		{3CC9B522-9145-3672-99FA-6100BEA15C5D}.MinSizeRel|Win32.Build.0 = MinSizeRel|Win32
		{3CC9B522-9145-3672-99FA-6100BEA15C5D}.RelWithDebInfo|Win32.ActiveCfg = RelWithDebInfo|Win32
		{3CC9B522-9145-3672-99FA-6100BEA15C5D}.RelWithDebInfo|Win32.Build.0 = RelWithDebInfo|Win32
		{8DFE1F1C-2DB2-320D-AC91-4D4DB04F97D6}.Debug|Win32.ActiveCfg = Debug|Win32
		{8DFE1F1C-2DB2-320D-AC91-4D4DB04F97D6}.Debug|Win32.Build.0 = Debug|Win32
		{8DFE1F1C-2DB2-320D-AC91-4D4DB04F97D6}.Release|Win32.ActiveCfg = Release|Win32
		{8DFE1F1C-2DB2-320D-AC91-4D4DB04F97D6}.Release|Win32.Build.0 = Release|Win32
		{8DFE1F1C-2DB2-320D-AC91-4D4DB04F97D6}.MinSizeRel|Win32.ActiveCfg = MinSizeRel|Win32
		{8DFE1F1C-2DB2-320D-AC91-4D4DB04F97D6}.MinSizeRel|Win32.Build.0 = MinSizeRel|Win32
		{8DFE1F1C-2DB2-320D-AC91-4D4DB04F97D6}.RelWithDebInfo|Win32.ActiveCfg = RelWithDebInfo|Win32
		{8DFE1F1C-2DB2-320D-AC91-4D4DB04F97D6}.RelWithDebInfo|Win32.Build.0 = RelWithDebInfo|Win32
		{A7783F73-5CB7-359C-9ADD-7D37F57BD07A}.Debug|Win32.ActiveCfg = Debug|Win32
		{A7783F73-5CB7-359C-9ADD-7D37F57BD07A}.Debug|Win32.Build.0 = Debug|Win32
		{A7783F73-5CB7-359C-9ADD-7D37F57BD07A}.Release|Win32.ActiveCfg = Release|Win32
		{A7783F73-5CB7-359C-9ADD-7D37F57BD07A}.Release|Win32.Build.0 = Release|Win32
		{A7783F73-5CB7-359C-9ADD-7D37F57BD07A}.MinSizeRel|Win32.ActiveCfg = MinSizeRel|Win32
		{A7783F73-5CB7-359C-9ADD-7D37F57BD07A}.MinSizeRel|Win32.Build.0 = MinSizeRel|Win32
		{A7783F73-5CB7-359C-9ADD-7D37F57BD07A}.RelWithDebInfo|Win32.ActiveCfg = RelWithDebInfo|Win32
		{A7783F73-5CB7-359C-9ADD-7D37F57BD07A}.RelWithDebInfo|Win32.Build.0 = RelWithDebInfo|Win32
		{4F0F1F5C-9766-32A3-9096-8DE92651EC39}.Debug|Win32.ActiveCfg = Debug|Win32
		{4F0F1F5C-9766-32A3-9096-8DE92651EC39}.Release|Win32.ActiveCfg = Release|Win32
		{4F0F1F5C-9766-32A3-9096-8DE92651EC39}.MinSizeRel|Win32.ActiveCfg = MinSizeRel|Win32
		{4F0F1F5C-9766-32A3-9096-8DE92651EC39}.RelWithDebInfo|Win32.ActiveCfg = RelWithDebInfo|Win32
		{2F7ED4A3-AB5F-339A-AD00-77373A02D1FB}.Debug|Win32.ActiveCfg = Debug|Win32
		{2F7ED4A3-AB5F-339A-AD00-77373A02D1FB}.Debug|Win32.Build.0 = Debug|Win32
		{2F7ED4A3-AB5F-339A-AD00-77373A02D1FB}.Release|Win32.ActiveCfg = Release|Win32
		{2F7ED4A3-AB5F-339A-AD00-77373A02D1FB}.Release|Win32.Build.0 = Release|Win32
		{2F7ED4A3-AB5F-339A-AD00-77373A02D1FB}.MinSizeRel|Win32.ActiveCfg = MinSizeRel|Win32
		{2F7ED4A3-AB5F-339A-AD00-77373A02D1FB}.MinSizeRel|Win32.Build.0 = MinSizeRel|Win32
		{2F7ED4A3-AB5F-339A-AD00-77373A02D1FB}.RelWithDebInfo|Win32.ActiveCfg = RelWithDebInfo|Win32
		{2F7ED4A3-AB5F-339A-AD00-77373A02D1FB}.RelWithDebInfo|Win32.Build.0 = RelWithDebInfo|Win32
		{92622E0A-9A41-35B9-B1EE-06D280FE879A}.Debug|Win32.ActiveCfg = Debug|Win32
		{92622E0A-9A41-35B9-B1EE-06D280FE879A}.Debug|Win32.Build.0 = Debug|Win32
		{92622E0A-9A41-35B9-B1EE-06D280FE879A}.Release|Win32.ActiveCfg = Release|Win32
		{92622E0A-9A41-35B9-B1EE-06D280FE879A}.Release|Win32.Build.0 = Release|Win32
		{92622E0A-9A41-35B9-B1EE-06D280FE879A}.MinSizeRel|Win32.ActiveCfg = MinSizeRel|Win32
		{92622E0A-9A41-35B9-B1EE-06D280FE879A}.MinSizeRel|Win32.Build.0 = MinSizeRel|Win32
		{92622E0A-9A41-35B9-B1EE-06D280FE879A}.RelWithDebInfo|Win32.ActiveCfg = RelWithDebInfo|Win32
		{92622E0A-9A41-35B9-B1EE-06D280FE879A}.RelWithDebInfo|Win32.Build.0 = RelWithDebInfo|Win32
	EndGlobalSection
	GlobalSection(ExtensibilityGlobals) = postSolution
	EndGlobalSection
	GlobalSection(ExtensibilityAddIns) = postSolution
	EndGlobalSection
EndGlobal
